{
  "name": "alurabank",
  "version": "1.0.0",
  "lockfileVersion": 1,
  "requires": true,
  "dependencies": {
    "typescript": {
      "version": "3.3.0-dev.20190116",
      "resolved": "https://registry.npmjs.org/typescript/-/typescript-3.3.0-dev.20190116.tgz",
      "integrity": "sha512-/2tBCidbXK3iCcrA+S6ZubYW6zmDeiY650BqSx/vtBHWCpP9r/Y3Hu7vqj9uGIFozdgA5XleTn3aK3T7n+k9wA==",
      "dev": true
    }
  }
}
